// !$*UTF8*$!
{
	archiveVersion = 1;
	classes = {
	};
	objectVersion = 46;
	objects = {

/* Begin PBXBuildFile section */
		CB5063ED1D8C6F340045D145 /* Localizable.strings in Resources */ = {isa = PBXBuildFile; fileRef = CB5063EF1D8C6F340045D145 /* Localizable.strings */; };
		CB5064031D8C7CE00045D145 /* seasonTests.m in Sources */ = {isa = PBXBuildFile; fileRef = CB5064021D8C7CE00045D145 /* seasonTests.m */; };
		CB7DE5A61D8DB45E00AECBE3 /* matchesTests.m in Sources */ = {isa = PBXBuildFile; fileRef = CB7DE5A51D8DB45E00AECBE3 /* matchesTests.m */; };
		CB9340601D8ABAF8004A922D /* SPSeason.m in Sources */ = {isa = PBXBuildFile; fileRef = CB93405F1D8ABAF8004A922D /* SPSeason.m */; };
		CBEBCFA81D6F491F006161AF /* main.m in Sources */ = {isa = PBXBuildFile; fileRef = CBEBCFA71D6F491F006161AF /* main.m */; };
		CBEBCFAB1D6F491F006161AF /* AppDelegate.m in Sources */ = {isa = PBXBuildFile; fileRef = CBEBCFAA1D6F491F006161AF /* AppDelegate.m */; };
		CBEBCFAE1D6F491F006161AF /* ViewController.m in Sources */ = {isa = PBXBuildFile; fileRef = CBEBCFAD1D6F491F006161AF /* ViewController.m */; };
		CBEBCFB11D6F491F006161AF /* Main.storyboard in Resources */ = {isa = PBXBuildFile; fileRef = CBEBCFAF1D6F491F006161AF /* Main.storyboard */; };
		CBEBCFB31D6F491F006161AF /* Assets.xcassets in Resources */ = {isa = PBXBuildFile; fileRef = CBEBCFB21D6F491F006161AF /* Assets.xcassets */; };
		CBEBCFB61D6F491F006161AF /* LaunchScreen.storyboard in Resources */ = {isa = PBXBuildFile; fileRef = CBEBCFB41D6F491F006161AF /* LaunchScreen.storyboard */; };
		CBEBCFBF1D6F55CB006161AF /* SPTeam.m in Sources */ = {isa = PBXBuildFile; fileRef = CBEBCFBE1D6F55CB006161AF /* SPTeam.m */; };
		CBEBCFC21D6F55EF006161AF /* SPMatch.m in Sources */ = {isa = PBXBuildFile; fileRef = CBEBCFC11D6F55EF006161AF /* SPMatch.m */; };
/* End PBXBuildFile section */

/* Begin PBXContainerItemProxy section */
		CB5064051D8C7CE00045D145 /* PBXContainerItemProxy */ = {
			isa = PBXContainerItemProxy;
			containerPortal = CBEBCF9B1D6F491E006161AF /* Project object */;
			proxyType = 1;
			remoteGlobalIDString = CBEBCFA21D6F491F006161AF;
			remoteInfo = aufgabeSpielplan;
		};
/* End PBXContainerItemProxy section */

/* Begin PBXFileReference section */
		CB5063F21D8C6F6C0045D145 /* ca */ = {isa = PBXFileReference; lastKnownFileType = text.plist.strings; name = ca; path = ca.lproj/Localizable.strings; sourceTree = "<group>"; };
		CB5063F31D8C6F740045D145 /* it */ = {isa = PBXFileReference; lastKnownFileType = text.plist.strings; name = it; path = it.lproj/Localizable.strings; sourceTree = "<group>"; };
		CB5063F41D8C6F880045D145 /* es */ = {isa = PBXFileReference; lastKnownFileType = text.plist.strings; name = es; path = es.lproj/Localizable.strings; sourceTree = "<group>"; };
		CB5063F51D8C6FB20045D145 /* de */ = {isa = PBXFileReference; lastKnownFileType = text.plist.strings; name = de; path = de.lproj/Localizable.strings; sourceTree = "<group>"; };
		CB5063F81D8C706F0045D145 /* en */ = {isa = PBXFileReference; lastKnownFileType = text.plist.strings; name = en; path = en.lproj/Localizable.strings; sourceTree = "<group>"; };
		CB5064001D8C7CE00045D145 /* aufgabeSpielplanTests.xctest */ = {isa = PBXFileReference; explicitFileType = wrapper.cfbundle; includeInIndex = 0; path = aufgabeSpielplanTests.xctest; sourceTree = BUILT_PRODUCTS_DIR; };
		CB5064021D8C7CE00045D145 /* seasonTests.m */ = {isa = PBXFileReference; lastKnownFileType = sourcecode.c.objc; path = seasonTests.m; sourceTree = "<group>"; };
		CB5064041D8C7CE00045D145 /* Info.plist */ = {isa = PBXFileReference; lastKnownFileType = text.plist.xml; path = Info.plist; sourceTree = "<group>"; };
		CB7DE5A51D8DB45E00AECBE3 /* matchesTests.m */ = {isa = PBXFileReference; fileEncoding = 4; lastKnownFileType = sourcecode.c.objc; path = matchesTests.m; sourceTree = "<group>"; };
		CB93405E1D8ABAF8004A922D /* SPSeason.h */ = {isa = PBXFileReference; fileEncoding = 4; lastKnownFileType = sourcecode.c.h; path = SPSeason.h; sourceTree = "<group>"; };
		CB93405F1D8ABAF8004A922D /* SPSeason.m */ = {isa = PBXFileReference; fileEncoding = 4; lastKnownFileType = sourcecode.c.objc; path = SPSeason.m; sourceTree = "<group>"; };
		CBEBCFA31D6F491F006161AF /* aufgabeSpielplan.app */ = {isa = PBXFileReference; explicitFileType = wrapper.application; includeInIndex = 0; path = aufgabeSpielplan.app; sourceTree = BUILT_PRODUCTS_DIR; };
		CBEBCFA71D6F491F006161AF /* main.m */ = {isa = PBXFileReference; lastKnownFileType = sourcecode.c.objc; path = main.m; sourceTree = "<group>"; };
		CBEBCFA91D6F491F006161AF /* AppDelegate.h */ = {isa = PBXFileReference; lastKnownFileType = sourcecode.c.h; path = AppDelegate.h; sourceTree = "<group>"; };
		CBEBCFAA1D6F491F006161AF /* AppDelegate.m */ = {isa = PBXFileReference; lastKnownFileType = sourcecode.c.objc; path = AppDelegate.m; sourceTree = "<group>"; };
		CBEBCFAC1D6F491F006161AF /* ViewController.h */ = {isa = PBXFileReference; lastKnownFileType = sourcecode.c.h; path = ViewController.h; sourceTree = "<group>"; };
		CBEBCFAD1D6F491F006161AF /* ViewController.m */ = {isa = PBXFileReference; lastKnownFileType = sourcecode.c.objc; path = ViewController.m; sourceTree = "<group>"; };
		CBEBCFB01D6F491F006161AF /* Base */ = {isa = PBXFileReference; lastKnownFileType = file.storyboard; name = Base; path = Base.lproj/Main.storyboard; sourceTree = "<group>"; };
		CBEBCFB21D6F491F006161AF /* Assets.xcassets */ = {isa = PBXFileReference; lastKnownFileType = folder.assetcatalog; path = Assets.xcassets; sourceTree = "<group>"; };
		CBEBCFB51D6F491F006161AF /* Base */ = {isa = PBXFileReference; lastKnownFileType = file.storyboard; name = Base; path = Base.lproj/LaunchScreen.storyboard; sourceTree = "<group>"; };
		CBEBCFB71D6F491F006161AF /* Info.plist */ = {isa = PBXFileReference; lastKnownFileType = text.plist.xml; path = Info.plist; sourceTree = "<group>"; };
		CBEBCFBD1D6F55CB006161AF /* SPTeam.h */ = {isa = PBXFileReference; fileEncoding = 4; lastKnownFileType = sourcecode.c.h; path = SPTeam.h; sourceTree = "<group>"; };
		CBEBCFBE1D6F55CB006161AF /* SPTeam.m */ = {isa = PBXFileReference; fileEncoding = 4; lastKnownFileType = sourcecode.c.objc; path = SPTeam.m; sourceTree = "<group>"; };
		CBEBCFC01D6F55EF006161AF /* SPMatch.h */ = {isa = PBXFileReference; fileEncoding = 4; lastKnownFileType = sourcecode.c.h; path = SPMatch.h; sourceTree = "<group>"; };
		CBEBCFC11D6F55EF006161AF /* SPMatch.m */ = {isa = PBXFileReference; fileEncoding = 4; lastKnownFileType = sourcecode.c.objc; path = SPMatch.m; sourceTree = "<group>"; };
/* End PBXFileReference section */

/* Begin PBXFrameworksBuildPhase section */
		CB5063FD1D8C7CE00045D145 /* Frameworks */ = {
			isa = PBXFrameworksBuildPhase;
			buildActionMask = 2147483647;
			files = (
			);
			runOnlyForDeploymentPostprocessing = 0;
		};
		CBEBCFA01D6F491F006161AF /* Frameworks */ = {
			isa = PBXFrameworksBuildPhase;
			buildActionMask = 2147483647;
			files = (
			);
			runOnlyForDeploymentPostprocessing = 0;
		};
/* End PBXFrameworksBuildPhase section */

/* Begin PBXGroup section */
		CB5064011D8C7CE00045D145 /* aufgabeSpielplanTests */ = {
			isa = PBXGroup;
			children = (
				CB5064021D8C7CE00045D145 /* seasonTests.m */,
				CB5064041D8C7CE00045D145 /* Info.plist */,
				CB7DE5A51D8DB45E00AECBE3 /* matchesTests.m */,
			);
			path = aufgabeSpielplanTests;
			sourceTree = "<group>";
		};
		CB93405D1D8A9702004A922D /* Model */ = {
			isa = PBXGroup;
			children = (
				CBEBCFBD1D6F55CB006161AF /* SPTeam.h */,
				CBEBCFBE1D6F55CB006161AF /* SPTeam.m */,
				CBEBCFC01D6F55EF006161AF /* SPMatch.h */,
				CBEBCFC11D6F55EF006161AF /* SPMatch.m */,
				CB93405E1D8ABAF8004A922D /* SPSeason.h */,
				CB93405F1D8ABAF8004A922D /* SPSeason.m */,
			);
			name = Model;
			sourceTree = "<group>";
		};
		CBEBCF9A1D6F491E006161AF = {
			isa = PBXGroup;
			children = (
				CBEBCFA51D6F491F006161AF /* aufgabeSpielplan */,
				CB5064011D8C7CE00045D145 /* aufgabeSpielplanTests */,
				CBEBCFA41D6F491F006161AF /* Products */,
			);
			sourceTree = "<group>";
		};
		CBEBCFA41D6F491F006161AF /* Products */ = {
			isa = PBXGroup;
			children = (
				CBEBCFA31D6F491F006161AF /* aufgabeSpielplan.app */,
				CB5064001D8C7CE00045D145 /* aufgabeSpielplanTests.xctest */,
			);
			name = Products;
			sourceTree = "<group>";
		};
		CBEBCFA51D6F491F006161AF /* aufgabeSpielplan */ = {
			isa = PBXGroup;
			children = (
				CB93405D1D8A9702004A922D /* Model */,
				CBEBCFA91D6F491F006161AF /* AppDelegate.h */,
				CBEBCFAA1D6F491F006161AF /* AppDelegate.m */,
				CBEBCFAC1D6F491F006161AF /* ViewController.h */,
				CBEBCFAD1D6F491F006161AF /* ViewController.m */,
				CBEBCFAF1D6F491F006161AF /* Main.storyboard */,
				CBEBCFB21D6F491F006161AF /* Assets.xcassets */,
				CBEBCFB41D6F491F006161AF /* LaunchScreen.storyboard */,
				CBEBCFB71D6F491F006161AF /* Info.plist */,
				CBEBCFA61D6F491F006161AF /* Supporting Files */,
			);
			path = aufgabeSpielplan;
			sourceTree = "<group>";
		};
		CBEBCFA61D6F491F006161AF /* Supporting Files */ = {
			isa = PBXGroup;
			children = (
				CBEBCFA71D6F491F006161AF /* main.m */,
				CB5063EF1D8C6F340045D145 /* Localizable.strings */,
			);
			name = "Supporting Files";
			sourceTree = "<group>";
		};
/* End PBXGroup section */

/* Begin PBXNativeTarget section */
		CB5063FF1D8C7CE00045D145 /* aufgabeSpielplanTests */ = {
			isa = PBXNativeTarget;
			buildConfigurationList = CB5064071D8C7CE00045D145 /* Build configuration list for PBXNativeTarget "aufgabeSpielplanTests" */;
			buildPhases = (
				CB5063FC1D8C7CE00045D145 /* Sources */,
				CB5063FD1D8C7CE00045D145 /* Frameworks */,
				CB5063FE1D8C7CE00045D145 /* Resources */,
			);
			buildRules = (
			);
			dependencies = (
				CB5064061D8C7CE00045D145 /* PBXTargetDependency */,
			);
			name = aufgabeSpielplanTests;
			productName = aufgabeSpielplanTests;
			productReference = CB5064001D8C7CE00045D145 /* aufgabeSpielplanTests.xctest */;
			productType = "com.apple.product-type.bundle.unit-test";
		};
		CBEBCFA21D6F491F006161AF /* aufgabeSpielplan */ = {
			isa = PBXNativeTarget;
			buildConfigurationList = CBEBCFBA1D6F491F006161AF /* Build configuration list for PBXNativeTarget "aufgabeSpielplan" */;
			buildPhases = (
				CBEBCF9F1D6F491F006161AF /* Sources */,
				CBEBCFA01D6F491F006161AF /* Frameworks */,
				CBEBCFA11D6F491F006161AF /* Resources */,
			);
			buildRules = (
			);
			dependencies = (
			);
			name = aufgabeSpielplan;
			productName = aufgabeSpielplan;
			productReference = CBEBCFA31D6F491F006161AF /* aufgabeSpielplan.app */;
			productType = "com.apple.product-type.application";
		};
/* End PBXNativeTarget section */

/* Begin PBXProject section */
		CBEBCF9B1D6F491E006161AF /* Project object */ = {
			isa = PBXProject;
			attributes = {
				LastUpgradeCheck = 0800;
				ORGANIZATIONNAME = "Abel Serra";
				TargetAttributes = {
					CB5063FF1D8C7CE00045D145 = {
						CreatedOnToolsVersion = 8.0;
						DevelopmentTeam = 6CUFCH7T8E;
						ProvisioningStyle = Automatic;
						TestTargetID = CBEBCFA21D6F491F006161AF;
					};
					CBEBCFA21D6F491F006161AF = {
						CreatedOnToolsVersion = 8.0;
						DevelopmentTeam = 6CUFCH7T8E;
						DevelopmentTeamName = "Abel Serra";
						ProvisioningStyle = Automatic;
					};
				};
			};
			buildConfigurationList = CBEBCF9E1D6F491E006161AF /* Build configuration list for PBXProject "aufgabeSpielplan" */;
			compatibilityVersion = "Xcode 3.2";
			developmentRegion = English;
			hasScannedForEncodings = 0;
			knownRegions = (
				Base,
				ca,
				it,
				es,
				de,
				en,
			);
			mainGroup = CBEBCF9A1D6F491E006161AF;
			productRefGroup = CBEBCFA41D6F491F006161AF /* Products */;
			projectDirPath = "";
			projectRoot = "";
			targets = (
				CBEBCFA21D6F491F006161AF /* aufgabeSpielplan */,
				CB5063FF1D8C7CE00045D145 /* aufgabeSpielplanTests */,
			);
		};
/* End PBXProject section */

/* Begin PBXResourcesBuildPhase section */
		CB5063FE1D8C7CE00045D145 /* Resources */ = {
			isa = PBXResourcesBuildPhase;
			buildActionMask = 2147483647;
			files = (
			);
			runOnlyForDeploymentPostprocessing = 0;
		};
		CBEBCFA11D6F491F006161AF /* Resources */ = {
			isa = PBXResourcesBuildPhase;
			buildActionMask = 2147483647;
			files = (
				CBEBCFB61D6F491F006161AF /* LaunchScreen.storyboard in Resources */,
				CB5063ED1D8C6F340045D145 /* Localizable.strings in Resources */,
				CBEBCFB31D6F491F006161AF /* Assets.xcassets in Resources */,
				CBEBCFB11D6F491F006161AF /* Main.storyboard in Resources */,
			);
			runOnlyForDeploymentPostprocessing = 0;
		};
/* End PBXResourcesBuildPhase section */

/* Begin PBXSourcesBuildPhase section */
		CB5063FC1D8C7CE00045D145 /* Sources */ = {
			isa = PBXSourcesBuildPhase;
			buildActionMask = 2147483647;
			files = (
				CB7DE5A61D8DB45E00AECBE3 /* matchesTests.m in Sources */,
				CB5064031D8C7CE00045D145 /* seasonTests.m in Sources */,
			);
			runOnlyForDeploymentPostprocessing = 0;
		};
		CBEBCF9F1D6F491F006161AF /* Sources */ = {
			isa = PBXSourcesBuildPhase;
			buildActionMask = 2147483647;
			files = (
				CBEBCFC21D6F55EF006161AF /* SPMatch.m in Sources */,
				CBEBCFAE1D6F491F006161AF /* ViewController.m in Sources */,
				CBEBCFBF1D6F55CB006161AF /* SPTeam.m in Sources */,
				CBEBCFAB1D6F491F006161AF /* AppDelegate.m in Sources */,
				CBEBCFA81D6F491F006161AF /* main.m in Sources */,
				CB9340601D8ABAF8004A922D /* SPSeason.m in Sources */,
			);
			runOnlyForDeploymentPostprocessing = 0;
		};
/* End PBXSourcesBuildPhase section */

/* Begin PBXTargetDependency section */
		CB5064061D8C7CE00045D145 /* PBXTargetDependency */ = {
			isa = PBXTargetDependency;
			target = CBEBCFA21D6F491F006161AF /* aufgabeSpielplan */;
			targetProxy = CB5064051D8C7CE00045D145 /* PBXContainerItemProxy */;
		};
/* End PBXTargetDependency section */

/* Begin PBXVariantGroup section */
		CB5063EF1D8C6F340045D145 /* Localizable.strings */ = {
			isa = PBXVariantGroup;
			children = (
				CB5063F21D8C6F6C0045D145 /* ca */,
				CB5063F31D8C6F740045D145 /* it */,
				CB5063F41D8C6F880045D145 /* es */,
				CB5063F51D8C6FB20045D145 /* de */,
				CB5063F81D8C706F0045D145 /* en */,
			);
			name = Localizable.strings;
			sourceTree = "<group>";
		};
		CBEBCFAF1D6F491F006161AF /* Main.storyboard */ = {
			isa = PBXVariantGroup;
			children = (
				CBEBCFB01D6F491F006161AF /* Base */,
			);
			name = Main.storyboard;
			sourceTree = "<group>";
		};
		CBEBCFB41D6F491F006161AF /* LaunchScreen.storyboard */ = {
			isa = PBXVariantGroup;
			children = (
				CBEBCFB51D6F491F006161AF /* Base */,
			);
			name = LaunchScreen.storyboard;
			sourceTree = "<group>";
		};
/* End PBXVariantGroup section */

/* Begin XCBuildConfiguration section */
		CB5064081D8C7CE00045D145 /* Debug */ = {
			isa = XCBuildConfiguration;
			buildSettings = {
				BUNDLE_LOADER = "$(TEST_HOST)";
				CLANG_WARN_INFINITE_RECURSION = YES;
				CLANG_WARN_SUSPICIOUS_MOVES = YES;
				DEVELOPMENT_TEAM = 6CUFCH7T8E;
				INFOPLIST_FILE = aufgabeSpielplanTests/Info.plist;
				LD_RUNPATH_SEARCH_PATHS = "$(inherited) @executable_path/Frameworks @loader_path/Frameworks";
				PRODUCT_BUNDLE_IDENTIFIER = abelserra.aufgabeSpielplanTests;
				PRODUCT_NAME = "$(TARGET_NAME)";
				TEST_HOST = "$(BUILT_PRODUCTS_DIR)/aufgabeSpielplan.app/aufgabeSpielplan";
			};
			name = Debug;
		};
		CB5064091D8C7CE00045D145 /* Release */ = {
			isa = XCBuildConfiguration;
			buildSettings = {
				BUNDLE_LOADER = "$(TEST_HOST)";
				CLANG_WARN_INFINITE_RECURSION = YES;
				CLANG_WARN_SUSPICIOUS_MOVES = YES;
				DEVELOPMENT_TEAM = 6CUFCH7T8E;
				INFOPLIST_FILE = aufgabeSpielplanTests/Info.plist;
				LD_RUNPATH_SEARCH_PATHS = "$(inherited) @executable_path/Frameworks @loader_path/Frameworks";
				PRODUCT_BUNDLE_IDENTIFIER = abelserra.aufgabeSpielplanTests;
				PRODUCT_NAME = "$(TARGET_NAME)";
				TEST_HOST = "$(BUILT_PRODUCTS_DIR)/aufgabeSpielplan.app/aufgabeSpielplan";
			};
			name = Release;
		};
		CBEBCFB81D6F491F006161AF /* Debug */ = {
			isa = XCBuildConfiguration;
			buildSettings = {
				ALWAYS_SEARCH_USER_PATHS = NO;
				CLANG_ANALYZER_LOCALIZABILITY_NONLOCALIZED = YES;
				CLANG_ANALYZER_NONNULL = YES;
				CLANG_CXX_LANGUAGE_STANDARD = "gnu++0x";
				CLANG_CXX_LIBRARY = "libc++";
				CLANG_ENABLE_MODULES = YES;
				CLANG_ENABLE_OBJC_ARC = YES;
				CLANG_WARN_BOOL_CONVERSION = YES;
				CLANG_WARN_CONSTANT_CONVERSION = YES;
				CLANG_WARN_DIRECT_OBJC_ISA_USAGE = YES_ERROR;
				CLANG_WARN_DOCUMENTATION_COMMENTS = YES;
				CLANG_WARN_EMPTY_BODY = YES;
				CLANG_WARN_ENUM_CONVERSION = YES;
				CLANG_WARN_INT_CONVERSION = YES;
				CLANG_WARN_OBJC_ROOT_CLASS = YES_ERROR;
				CLANG_WARN_UNREACHABLE_CODE = YES;
				CLANG_WARN__DUPLICATE_METHOD_MATCH = YES;
				"CODE_SIGN_IDENTITY[sdk=iphoneos*]" = "iPhone Developer";
				COPY_PHASE_STRIP = NO;
				DEBUG_INFORMATION_FORMAT = dwarf;
				ENABLE_STRICT_OBJC_MSGSEND = YES;
				ENABLE_TESTABILITY = YES;
				GCC_C_LANGUAGE_STANDARD = gnu99;
				GCC_DYNAMIC_NO_PIC = NO;
				GCC_NO_COMMON_BLOCKS = YES;
				GCC_OPTIMIZATION_LEVEL = 0;
				GCC_PREPROCESSOR_DEFINITIONS = (
					"DEBUG=1",
					"$(inherited)",
				);
				GCC_WARN_64_TO_32_BIT_CONVERSION = YES;
				GCC_WARN_ABOUT_RETURN_TYPE = YES_ERROR;
				GCC_WARN_UNDECLARED_SELECTOR = YES;
				GCC_WARN_UNINITIALIZED_AUTOS = YES_AGGRESSIVE;
				GCC_WARN_UNUSED_FUNCTION = YES;
				GCC_WARN_UNUSED_VARIABLE = YES;
				IPHONEOS_DEPLOYMENT_TARGET = 10.0;
				MTL_ENABLE_DEBUG_INFO = YES;
				ONLY_ACTIVE_ARCH = YES;
				SDKROOT = iphoneos;
				TARGETED_DEVICE_FAMILY = "1,2";
			};
			name = Debug;
		};
		CBEBCFB91D6F491F006161AF /* Release */ = {
			isa = XCBuildConfiguration;
			buildSettings = {
				ALWAYS_SEARCH_USER_PATHS = NO;
				CLANG_ANALYZER_LOCALIZABILITY_NONLOCALIZED = YES;
				CLANG_ANALYZER_NONNULL = YES;
				CLANG_CXX_LANGUAGE_STANDARD = "gnu++0x";
				CLANG_CXX_LIBRARY = "libc++";
				CLANG_ENABLE_MODULES = YES;
				CLANG_ENABLE_OBJC_ARC = YES;
				CLANG_WARN_BOOL_CONVERSION = YES;
				CLANG_WARN_CONSTANT_CONVERSION = YES;
				CLANG_WARN_DIRECT_OBJC_ISA_USAGE = YES_ERROR;
				CLANG_WARN_DOCUMENTATION_COMMENTS = YES;
				CLANG_WARN_EMPTY_BODY = YES;
				CLANG_WARN_ENUM_CONVERSION = YES;
				CLANG_WARN_INT_CONVERSION = YES;
				CLANG_WARN_OBJC_ROOT_CLASS = YES_ERROR;
				CLANG_WARN_UNREACHABLE_CODE = YES;
				CLANG_WARN__DUPLICATE_METHOD_MATCH = YES;
				"CODE_SIGN_IDENTITY[sdk=iphoneos*]" = "iPhone Developer";
				COPY_PHASE_STRIP = NO;
				DEBUG_INFORMATION_FORMAT = "dwarf-with-dsym";
				ENABLE_NS_ASSERTIONS = NO;
				ENABLE_STRICT_OBJC_MSGSEND = YES;
				GCC_C_LANGUAGE_STANDARD = gnu99;
				GCC_NO_COMMON_BLOCKS = YES;
				GCC_WARN_64_TO_32_BIT_CONVERSION = YES;
				GCC_WARN_ABOUT_RETURN_TYPE = YES_ERROR;
				GCC_WARN_UNDECLARED_SELECTOR = YES;
				GCC_WARN_UNINITIALIZED_AUTOS = YES_AGGRESSIVE;
				GCC_WARN_UNUSED_FUNCTION = YES;
				GCC_WARN_UNUSED_VARIABLE = YES;
				IPHONEOS_DEPLOYMENT_TARGET = 10.0;
				MTL_ENABLE_DEBUG_INFO = NO;
				SDKROOT = iphoneos;
				TARGETED_DEVICE_FAMILY = "1,2";
				VALIDATE_PRODUCT = YES;
			};
			name = Release;
		};
		CBEBCFBB1D6F491F006161AF /* Debug */ = {
			isa = XCBuildConfiguration;
			buildSettings = {
				ASSETCATALOG_COMPILER_APPICON_NAME = AppIcon;
				INFOPLIST_FILE = aufgabeSpielplan/Info.plist;
				LD_RUNPATH_SEARCH_PATHS = "$(inherited) @executable_path/Frameworks";
				PRODUCT_BUNDLE_IDENTIFIER = abelserra.aufgabeSpielplan;
				PRODUCT_NAME = "$(TARGET_NAME)";
			};
			name = Debug;
		};
		CBEBCFBC1D6F491F006161AF /* Release */ = {
			isa = XCBuildConfiguration;
			buildSettings = {
				ASSETCATALOG_COMPILER_APPICON_NAME = AppIcon;
				INFOPLIST_FILE = aufgabeSpielplan/Info.plist;
				LD_RUNPATH_SEARCH_PATHS = "$(inherited) @executable_path/Frameworks";
				PRODUCT_BUNDLE_IDENTIFIER = abelserra.aufgabeSpielplan;
				PRODUCT_NAME = "$(TARGET_NAME)";
			};
			name = Release;
		};
/* End XCBuildConfiguration section */

/* Begin XCConfigurationList section */
		CB5064071D8C7CE00045D145 /* Build configuration list for PBXNativeTarget "aufgabeSpielplanTests" */ = {
			isa = XCConfigurationList;
			buildConfigurations = (
				CB5064081D8C7CE00045D145 /* Debug */,
				CB5064091D8C7CE00045D145 /* Release */,
			);
			defaultConfigurationIsVisible = 0;
			defaultConfigurationName = Release;
		};
		CBEBCF9E1D6F491E006161AF /* Build configuration list for PBXProject "aufgabeSpielplan" */ = {
			isa = XCConfigurationList;
			buildConfigurations = (
				CBEBCFB81D6F491F006161AF /* Debug */,
				CBEBCFB91D6F491F006161AF /* Release */,
			);
			defaultConfigurationIsVisible = 0;
			defaultConfigurationName = Release;
		};
		CBEBCFBA1D6F491F006161AF /* Build configuration list for PBXNativeTarget "aufgabeSpielplan" */ = {
			isa = XCConfigurationList;
			buildConfigurations = (
				CBEBCFBB1D6F491F006161AF /* Debug */,
				CBEBCFBC1D6F491F006161AF /* Release */,
			);
			defaultConfigurationIsVisible = 0;
			defaultConfigurationName = Release;
		};
/* End XCConfigurationList section */
	};
	rootObject = CBEBCF9B1D6F491E006161AF /* Project object */;
}
